
Microsoft Visual Studio Solution File, Format Version 12.00
# Visual Studio 15
VisualStudioVersion = 15.0.28307.645
MinimumVisualStudioVersion = 10.0.40219.1
Project("{FAE04EC0-301F-11D3-BF4B-00C04F79EFBC}") = "MyEvernote.WebApp", "MyEvernote.WebApp\MyEvernote.WebApp.csproj", "{CDFBDD9B-62AB-4D81-ABDC-E11E3C33690E}"
EndProject
Project("{FAE04EC0-301F-11D3-BF4B-00C04F79EFBC}") = "MyEvernote.BusinessLayer", "MyEvernote.BusinessLayer\MyEvernote.BusinessLayer.csproj", "{FE17E665-B70B-4195-9FF3-BD806036E054}"
EndProject
Project("{FAE04EC0-301F-11D3-BF4B-00C04F79EFBC}") = "MyEvernote.DataAccessLayer", "MyEvernote.DataAccessLayer\MyEvernote.DataAccessLayer.csproj", "{193A1D61-B179-4610-8BE1-D8DE8F5F56EE}"
EndProject
Project("{FAE04EC0-301F-11D3-BF4B-00C04F79EFBC}") = "MyEvernote.Entities", "MyEvernote.Entities\MyEvernote.Entities.csproj", "{76539BEA-288D-4E7D-ACEB-D420EFCAD511}"
EndProject
Project("{FAE04EC0-301F-11D3-BF4B-00C04F79EFBC}") = "MyEvernote.Common", "MyEvernote.Common\MyEvernote.Common.csproj", "{AA56991A-14B5-43AD-8FDB-8EE0561FE680}"
EndProject
Global
	GlobalSection(SolutionConfigurationPlatforms) = preSolution
		Debug|Any CPU = Debug|Any CPU
		Release|Any CPU = Release|Any CPU
	EndGlobalSection
	GlobalSection(ProjectConfigurationPlatforms) = postSolution
		{CDFBDD9B-62AB-4D81-ABDC-E11E3C33690E}.Debug|Any CPU.ActiveCfg = Debug|Any CPU
		{CDFBDD9B-62AB-4D81-ABDC-E11E3C33690E}.Debug|Any CPU.Build.0 = Debug|Any CPU
		{CDFBDD9B-62AB-4D81-ABDC-E11E3C33690E}.Release|Any CPU.ActiveCfg = Release|Any CPU
		{CDFBDD9B-62AB-4D81-ABDC-E11E3C33690E}.Release|Any CPU.Build.0 = Release|Any CPU
		{FE17E665-B70B-4195-9FF3-BD806036E054}.Debug|Any CPU.ActiveCfg = Debug|Any CPU
		{FE17E665-B70B-4195-9FF3-BD806036E054}.Debug|Any CPU.Build.0 = Debug|Any CPU
		{FE17E665-B70B-4195-9FF3-BD806036E054}.Release|Any CPU.ActiveCfg = Release|Any CPU
		{FE17E665-B70B-4195-9FF3-BD806036E054}.Release|Any CPU.Build.0 = Release|Any CPU
		{193A1D61-B179-4610-8BE1-D8DE8F5F56EE}.Debug|Any CPU.ActiveCfg = Debug|Any CPU
		{193A1D61-B179-4610-8BE1-D8DE8F5F56EE}.Debug|Any CPU.Build.0 = Debug|Any CPU
		{193A1D61-B179-4610-8BE1-D8DE8F5F56EE}.Release|Any CPU.ActiveCfg = Release|Any CPU
		{193A1D61-B179-4610-8BE1-D8DE8F5F56EE}.Release|Any CPU.Build.0 = Release|Any CPU
		{76539BEA-288D-4E7D-ACEB-D420EFCAD511}.Debug|Any CPU.ActiveCfg = Debug|Any CPU
		{76539BEA-288D-4E7D-ACEB-D420EFCAD511}.Debug|Any CPU.Build.0 = Debug|Any CPU
		{76539BEA-288D-4E7D-ACEB-D420EFCAD511}.Release|Any CPU.ActiveCfg = Release|Any CPU
		{76539BEA-288D-4E7D-ACEB-D420EFCAD511}.Release|Any CPU.Build.0 = Release|Any CPU
		{AA56991A-14B5-43AD-8FDB-8EE0561FE680}.Debug|Any CPU.ActiveCfg = Debug|Any CPU
		{AA56991A-14B5-43AD-8FDB-8EE0561FE680}.Debug|Any CPU.Build.0 = Debug|Any CPU
		{AA56991A-14B5-43AD-8FDB-8EE0561FE680}.Release|Any CPU.ActiveCfg = Release|Any CPU
		{AA56991A-14B5-43AD-8FDB-8EE0561FE680}.Release|Any CPU.Build.0 = Release|Any CPU
	EndGlobalSection
	GlobalSection(SolutionProperties) = preSolution
		HideSolutionNode = FALSE
	EndGlobalSection
	GlobalSection(ExtensibilityGlobals) = postSolution
		SolutionGuid = {54516BE1-0BCE-4E3D-BD1B-96FFD3A02310}
	EndGlobalSection
EndGlobal
